// !$*UTF8*$!
{
	archiveVersion = 1;
	classes = {
	};
	objectVersion = 46;
	objects = {

/* Begin PBXBuildFile section */
		70143CB81802081400BEBE27 /* ChapterViewController.m in Sources */ = {isa = PBXBuildFile; fileRef = 70143CB71802081400BEBE27 /* ChapterViewController.m */; };
		701B367817E4E260009EBE27 /* Foundation.framework in Frameworks */ = {isa = PBXBuildFile; fileRef = 701B367717E4E260009EBE27 /* Foundation.framework */; };
		701B367A17E4E260009EBE27 /* CoreGraphics.framework in Frameworks */ = {isa = PBXBuildFile; fileRef = 701B367917E4E260009EBE27 /* CoreGraphics.framework */; };
		701B367C17E4E260009EBE27 /* UIKit.framework in Frameworks */ = {isa = PBXBuildFile; fileRef = 701B367B17E4E260009EBE27 /* UIKit.framework */; };
		701B367E17E4E260009EBE27 /* CoreData.framework in Frameworks */ = {isa = PBXBuildFile; fileRef = 701B367D17E4E260009EBE27 /* CoreData.framework */; };
		701B368417E4E260009EBE27 /* InfoPlist.strings in Resources */ = {isa = PBXBuildFile; fileRef = 701B368217E4E260009EBE27 /* InfoPlist.strings */; };
		701B368617E4E260009EBE27 /* main.m in Sources */ = {isa = PBXBuildFile; fileRef = 701B368517E4E260009EBE27 /* main.m */; };
		701B368A17E4E260009EBE27 /* AppDelegate.m in Sources */ = {isa = PBXBuildFile; fileRef = 701B368917E4E260009EBE27 /* AppDelegate.m */; };
		701B368D17E4E260009EBE27 /* Main.storyboard in Resources */ = {isa = PBXBuildFile; fileRef = 701B368B17E4E260009EBE27 /* Main.storyboard */; };
		701B369017E4E260009EBE27 /* MELer.xcdatamodeld in Sources */ = {isa = PBXBuildFile; fileRef = 701B368E17E4E260009EBE27 /* MELer.xcdatamodeld */; };
		701B369817E4E260009EBE27 /* Images.xcassets in Resources */ = {isa = PBXBuildFile; fileRef = 701B369717E4E260009EBE27 /* Images.xcassets */; };
		701B369F17E4E260009EBE27 /* XCTest.framework in Frameworks */ = {isa = PBXBuildFile; fileRef = 701B369E17E4E260009EBE27 /* XCTest.framework */; };
		701B36A017E4E260009EBE27 /* Foundation.framework in Frameworks */ = {isa = PBXBuildFile; fileRef = 701B367717E4E260009EBE27 /* Foundation.framework */; };
		701B36A117E4E260009EBE27 /* UIKit.framework in Frameworks */ = {isa = PBXBuildFile; fileRef = 701B367B17E4E260009EBE27 /* UIKit.framework */; };
		701B36A217E4E260009EBE27 /* CoreData.framework in Frameworks */ = {isa = PBXBuildFile; fileRef = 701B367D17E4E260009EBE27 /* CoreData.framework */; };
		701B36AA17E4E260009EBE27 /* InfoPlist.strings in Resources */ = {isa = PBXBuildFile; fileRef = 701B36A817E4E260009EBE27 /* InfoPlist.strings */; };
		701B36AC17E4E260009EBE27 /* MELerTests.m in Sources */ = {isa = PBXBuildFile; fileRef = 701B36AB17E4E260009EBE27 /* MELerTests.m */; };
		7025992818058AA7001DA8AF /* MELer_DB.sqlite in Resources */ = {isa = PBXBuildFile; fileRef = 7025992718058AA7001DA8AF /* MELer_DB.sqlite */; };
		70399760180CAC9C0049CC13 /* icon-retina.png in Resources */ = {isa = PBXBuildFile; fileRef = 7039975F180CAC9C0049CC13 /* icon-retina.png */; };
		70876FB3180B3D6D005B290D /* SectionDetailViewController.m in Sources */ = {isa = PBXBuildFile; fileRef = 70876FB2180B3D6D005B290D /* SectionDetailViewController.m */; };
		70A457DD17E5F1C700E4D5B0 /* Section.m in Sources */ = {isa = PBXBuildFile; fileRef = 70A457DC17E5F1C700E4D5B0 /* Section.m */; };
		70A457E017E5F1C700E4D5B0 /* Chapter.m in Sources */ = {isa = PBXBuildFile; fileRef = 70A457DF17E5F1C700E4D5B0 /* Chapter.m */; };
		70D36B2C1805CCB400AA35F9 /* SectionViewController.m in Sources */ = {isa = PBXBuildFile; fileRef = 70D36B2B1805CCB400AA35F9 /* SectionViewController.m */; };
		BF36ED44E78747338F3A16C8 /* libPods.a in Frameworks */ = {isa = PBXBuildFile; fileRef = 6C307A8355B045618B95C62D /* libPods.a */; };
/* End PBXBuildFile section */

/* Begin PBXContainerItemProxy section */
		701B36A317E4E260009EBE27 /* PBXContainerItemProxy */ = {
			isa = PBXContainerItemProxy;
			containerPortal = 701B366C17E4E260009EBE27 /* Project object */;
			proxyType = 1;
			remoteGlobalIDString = 701B367317E4E260009EBE27;
			remoteInfo = MELer;
		};
/* End PBXContainerItemProxy section */

/* Begin PBXFileReference section */
		6C307A8355B045618B95C62D /* libPods.a */ = {isa = PBXFileReference; explicitFileType = archive.ar; includeInIndex = 0; path = libPods.a; sourceTree = BUILT_PRODUCTS_DIR; };
		70143CB61802081400BEBE27 /* ChapterViewController.h */ = {isa = PBXFileReference; fileEncoding = 4; lastKnownFileType = sourcecode.c.h; path = ChapterViewController.h; sourceTree = "<group>"; };
		70143CB71802081400BEBE27 /* ChapterViewController.m */ = {isa = PBXFileReference; fileEncoding = 4; lastKnownFileType = sourcecode.c.objc; path = ChapterViewController.m; sourceTree = "<group>"; };
		701B367417E4E260009EBE27 /* MELer.app */ = {isa = PBXFileReference; explicitFileType = wrapper.application; includeInIndex = 0; path = MELer.app; sourceTree = BUILT_PRODUCTS_DIR; };
		701B367717E4E260009EBE27 /* Foundation.framework */ = {isa = PBXFileReference; lastKnownFileType = wrapper.framework; name = Foundation.framework; path = System/Library/Frameworks/Foundation.framework; sourceTree = SDKROOT; };
		701B367917E4E260009EBE27 /* CoreGraphics.framework */ = {isa = PBXFileReference; lastKnownFileType = wrapper.framework; name = CoreGraphics.framework; path = System/Library/Frameworks/CoreGraphics.framework; sourceTree = SDKROOT; };
		701B367B17E4E260009EBE27 /* UIKit.framework */ = {isa = PBXFileReference; lastKnownFileType = wrapper.framework; name = UIKit.framework; path = System/Library/Frameworks/UIKit.framework; sourceTree = SDKROOT; };
		701B367D17E4E260009EBE27 /* CoreData.framework */ = {isa = PBXFileReference; lastKnownFileType = wrapper.framework; name = CoreData.framework; path = System/Library/Frameworks/CoreData.framework; sourceTree = SDKROOT; };
		701B368117E4E260009EBE27 /* MELer-Info.plist */ = {isa = PBXFileReference; lastKnownFileType = text.plist.xml; path = "MELer-Info.plist"; sourceTree = "<group>"; };
		701B368317E4E260009EBE27 /* en */ = {isa = PBXFileReference; lastKnownFileType = text.plist.strings; name = en; path = en.lproj/InfoPlist.strings; sourceTree = "<group>"; };
		701B368517E4E260009EBE27 /* main.m */ = {isa = PBXFileReference; lastKnownFileType = sourcecode.c.objc; path = main.m; sourceTree = "<group>"; };
		701B368717E4E260009EBE27 /* MELer-Prefix.pch */ = {isa = PBXFileReference; lastKnownFileType = sourcecode.c.h; path = "MELer-Prefix.pch"; sourceTree = "<group>"; };
		701B368817E4E260009EBE27 /* AppDelegate.h */ = {isa = PBXFileReference; lastKnownFileType = sourcecode.c.h; path = AppDelegate.h; sourceTree = "<group>"; };
		701B368917E4E260009EBE27 /* AppDelegate.m */ = {isa = PBXFileReference; lastKnownFileType = sourcecode.c.objc; path = AppDelegate.m; sourceTree = "<group>"; };
		701B368C17E4E260009EBE27 /* Base */ = {isa = PBXFileReference; lastKnownFileType = file.storyboard; name = Base; path = Base.lproj/Main.storyboard; sourceTree = "<group>"; };
		701B368F17E4E260009EBE27 /* MELer.xcdatamodel */ = {isa = PBXFileReference; lastKnownFileType = wrapper.xcdatamodel; path = MELer.xcdatamodel; sourceTree = "<group>"; };
		701B369717E4E260009EBE27 /* Images.xcassets */ = {isa = PBXFileReference; lastKnownFileType = folder.assetcatalog; path = Images.xcassets; sourceTree = "<group>"; };
		701B369D17E4E260009EBE27 /* MELerTests.xctest */ = {isa = PBXFileReference; explicitFileType = wrapper.cfbundle; includeInIndex = 0; path = MELerTests.xctest; sourceTree = BUILT_PRODUCTS_DIR; };
		701B369E17E4E260009EBE27 /* XCTest.framework */ = {isa = PBXFileReference; lastKnownFileType = wrapper.framework; name = XCTest.framework; path = Library/Frameworks/XCTest.framework; sourceTree = DEVELOPER_DIR; };
		701B36A717E4E260009EBE27 /* MELerTests-Info.plist */ = {isa = PBXFileReference; lastKnownFileType = text.plist.xml; path = "MELerTests-Info.plist"; sourceTree = "<group>"; };
		701B36A917E4E260009EBE27 /* en */ = {isa = PBXFileReference; lastKnownFileType = text.plist.strings; name = en; path = en.lproj/InfoPlist.strings; sourceTree = "<group>"; };
		701B36AB17E4E260009EBE27 /* MELerTests.m */ = {isa = PBXFileReference; lastKnownFileType = sourcecode.c.objc; path = MELerTests.m; sourceTree = "<group>"; };
		7025992718058AA7001DA8AF /* MELer_DB.sqlite */ = {isa = PBXFileReference; lastKnownFileType = file; path = MELer_DB.sqlite; sourceTree = "<group>"; };
		7039975F180CAC9C0049CC13 /* icon-retina.png */ = {isa = PBXFileReference; lastKnownFileType = image.png; name = "icon-retina.png"; path = "MELer/icon-retina.png"; sourceTree = "<group>"; };
		70876FB1180B3D6D005B290D /* SectionDetailViewController.h */ = {isa = PBXFileReference; fileEncoding = 4; lastKnownFileType = sourcecode.c.h; path = SectionDetailViewController.h; sourceTree = "<group>"; };
		70876FB2180B3D6D005B290D /* SectionDetailViewController.m */ = {isa = PBXFileReference; fileEncoding = 4; lastKnownFileType = sourcecode.c.objc; path = SectionDetailViewController.m; sourceTree = "<group>"; };
		70A457DB17E5F1C700E4D5B0 /* Section.h */ = {isa = PBXFileReference; fileEncoding = 4; lastKnownFileType = sourcecode.c.h; path = Section.h; sourceTree = "<group>"; };
		70A457DC17E5F1C700E4D5B0 /* Section.m */ = {isa = PBXFileReference; fileEncoding = 4; lastKnownFileType = sourcecode.c.objc; path = Section.m; sourceTree = "<group>"; };
		70A457DE17E5F1C700E4D5B0 /* Chapter.h */ = {isa = PBXFileReference; fileEncoding = 4; lastKnownFileType = sourcecode.c.h; path = Chapter.h; sourceTree = "<group>"; };
		70A457DF17E5F1C700E4D5B0 /* Chapter.m */ = {isa = PBXFileReference; fileEncoding = 4; lastKnownFileType = sourcecode.c.objc; path = Chapter.m; sourceTree = "<group>"; };
		70D36B2A1805CCB400AA35F9 /* SectionViewController.h */ = {isa = PBXFileReference; fileEncoding = 4; lastKnownFileType = sourcecode.c.h; path = SectionViewController.h; sourceTree = "<group>"; };
		70D36B2B1805CCB400AA35F9 /* SectionViewController.m */ = {isa = PBXFileReference; fileEncoding = 4; lastKnownFileType = sourcecode.c.objc; path = SectionViewController.m; sourceTree = "<group>"; };
		FA8C249323174A159636B220 /* Pods.xcconfig */ = {isa = PBXFileReference; includeInIndex = 1; lastKnownFileType = text.xcconfig; name = Pods.xcconfig; path = Pods/Pods.xcconfig; sourceTree = SOURCE_ROOT; };
/* End PBXFileReference section */

/* Begin PBXFrameworksBuildPhase section */
		701B367117E4E260009EBE27 /* Frameworks */ = {
			isa = PBXFrameworksBuildPhase;
			buildActionMask = 2147483647;
			files = (
				701B367A17E4E260009EBE27 /* CoreGraphics.framework in Frameworks */,
				701B367E17E4E260009EBE27 /* CoreData.framework in Frameworks */,
				701B367C17E4E260009EBE27 /* UIKit.framework in Frameworks */,
				701B367817E4E260009EBE27 /* Foundation.framework in Frameworks */,
				BF36ED44E78747338F3A16C8 /* libPods.a in Frameworks */,
			);
			runOnlyForDeploymentPostprocessing = 0;
		};
		701B369A17E4E260009EBE27 /* Frameworks */ = {
			isa = PBXFrameworksBuildPhase;
			buildActionMask = 2147483647;
			files = (
				701B369F17E4E260009EBE27 /* XCTest.framework in Frameworks */,
				701B36A217E4E260009EBE27 /* CoreData.framework in Frameworks */,
				701B36A117E4E260009EBE27 /* UIKit.framework in Frameworks */,
				701B36A017E4E260009EBE27 /* Foundation.framework in Frameworks */,
			);
			runOnlyForDeploymentPostprocessing = 0;
		};
/* End PBXFrameworksBuildPhase section */

/* Begin PBXGroup section */
		701B366B17E4E260009EBE27 = {
			isa = PBXGroup;
			children = (
				7039975F180CAC9C0049CC13 /* icon-retina.png */,
				701B367F17E4E260009EBE27 /* MELer */,
				701B36A517E4E260009EBE27 /* MELerTests */,
				701B367617E4E260009EBE27 /* Frameworks */,
				701B367517E4E260009EBE27 /* Products */,
				FA8C249323174A159636B220 /* Pods.xcconfig */,
			);
			sourceTree = "<group>";
		};
		701B367517E4E260009EBE27 /* Products */ = {
			isa = PBXGroup;
			children = (
				701B367417E4E260009EBE27 /* MELer.app */,
				701B369D17E4E260009EBE27 /* MELerTests.xctest */,
			);
			name = Products;
			sourceTree = "<group>";
		};
		701B367617E4E260009EBE27 /* Frameworks */ = {
			isa = PBXGroup;
			children = (
				701B367717E4E260009EBE27 /* Foundation.framework */,
				701B367917E4E260009EBE27 /* CoreGraphics.framework */,
				701B367B17E4E260009EBE27 /* UIKit.framework */,
				701B367D17E4E260009EBE27 /* CoreData.framework */,
				701B369E17E4E260009EBE27 /* XCTest.framework */,
				6C307A8355B045618B95C62D /* libPods.a */,
			);
			name = Frameworks;
			sourceTree = "<group>";
		};
		701B367F17E4E260009EBE27 /* MELer */ = {
			isa = PBXGroup;
			children = (
				701B368817E4E260009EBE27 /* AppDelegate.h */,
				701B368917E4E260009EBE27 /* AppDelegate.m */,
				701B368B17E4E260009EBE27 /* Main.storyboard */,
				70143CB61802081400BEBE27 /* ChapterViewController.h */,
				70143CB71802081400BEBE27 /* ChapterViewController.m */,
				70D36B2A1805CCB400AA35F9 /* SectionViewController.h */,
				70D36B2B1805CCB400AA35F9 /* SectionViewController.m */,
				70876FB1180B3D6D005B290D /* SectionDetailViewController.h */,
				70876FB2180B3D6D005B290D /* SectionDetailViewController.m */,
				701B369717E4E260009EBE27 /* Images.xcassets */,
				701B368E17E4E260009EBE27 /* MELer.xcdatamodeld */,
				70A457CE17E5EAD300E4D5B0 /* NSManagedObjects */,
				701B368017E4E260009EBE27 /* Supporting Files */,
			);
			path = MELer;
			sourceTree = "<group>";
		};
		701B368017E4E260009EBE27 /* Supporting Files */ = {
			isa = PBXGroup;
			children = (
				7025992718058AA7001DA8AF /* MELer_DB.sqlite */,
				701B368117E4E260009EBE27 /* MELer-Info.plist */,
				701B368217E4E260009EBE27 /* InfoPlist.strings */,
				701B368517E4E260009EBE27 /* main.m */,
				701B368717E4E260009EBE27 /* MELer-Prefix.pch */,
			);
			name = "Supporting Files";
			sourceTree = "<group>";
		};
		701B36A517E4E260009EBE27 /* MELerTests */ = {
			isa = PBXGroup;
			children = (
				701B36AB17E4E260009EBE27 /* MELerTests.m */,
				701B36A617E4E260009EBE27 /* Supporting Files */,
			);
			path = MELerTests;
			sourceTree = "<group>";
		};
		701B36A617E4E260009EBE27 /* Supporting Files */ = {
			isa = PBXGroup;
			children = (
				701B36A717E4E260009EBE27 /* MELerTests-Info.plist */,
				701B36A817E4E260009EBE27 /* InfoPlist.strings */,
			);
			name = "Supporting Files";
			sourceTree = "<group>";
		};
		70A457CE17E5EAD300E4D5B0 /* NSManagedObjects */ = {
			isa = PBXGroup;
			children = (
				70A457DE17E5F1C700E4D5B0 /* Chapter.h */,
				70A457DF17E5F1C700E4D5B0 /* Chapter.m */,
				70A457DB17E5F1C700E4D5B0 /* Section.h */,
				70A457DC17E5F1C700E4D5B0 /* Section.m */,
			);
			name = NSManagedObjects;
			sourceTree = "<group>";
		};
/* End PBXGroup section */

/* Begin PBXNativeTarget section */
		701B367317E4E260009EBE27 /* MELer */ = {
			isa = PBXNativeTarget;
			buildConfigurationList = 701B36AF17E4E260009EBE27 /* Build configuration list for PBXNativeTarget "MELer" */;
			buildPhases = (
				0144B236F21B411FA0E44C81 /* Check Pods Manifest.lock */,
				701B367017E4E260009EBE27 /* Sources */,
				701B367117E4E260009EBE27 /* Frameworks */,
				701B367217E4E260009EBE27 /* Resources */,
				F2F3306606054F0FA0EA4AC9 /* Copy Pods Resources */,
			);
			buildRules = (
			);
			dependencies = (
			);
			name = MELer;
			productName = MELer;
			productReference = 701B367417E4E260009EBE27 /* MELer.app */;
			productType = "com.apple.product-type.application";
		};
		701B369C17E4E260009EBE27 /* MELerTests */ = {
			isa = PBXNativeTarget;
			buildConfigurationList = 701B36B217E4E260009EBE27 /* Build configuration list for PBXNativeTarget "MELerTests" */;
			buildPhases = (
				701B369917E4E260009EBE27 /* Sources */,
				701B369A17E4E260009EBE27 /* Frameworks */,
				701B369B17E4E260009EBE27 /* Resources */,
			);
			buildRules = (
			);
			dependencies = (
				701B36A417E4E260009EBE27 /* PBXTargetDependency */,
			);
			name = MELerTests;
			productName = MELerTests;
			productReference = 701B369D17E4E260009EBE27 /* MELerTests.xctest */;
			productType = "com.apple.product-type.bundle.unit-test";
		};
/* End PBXNativeTarget section */

/* Begin PBXProject section */
		701B366C17E4E260009EBE27 /* Project object */ = {
			isa = PBXProject;
			attributes = {
				LastUpgradeCheck = 0500;
				ORGANIZATIONNAME = "Mateusz Zając";
				TargetAttributes = {
					701B369C17E4E260009EBE27 = {
						TestTargetID = 701B367317E4E260009EBE27;
					};
				};
			};
			buildConfigurationList = 701B366F17E4E260009EBE27 /* Build configuration list for PBXProject "MELer" */;
			compatibilityVersion = "Xcode 3.2";
			developmentRegion = English;
			hasScannedForEncodings = 0;
			knownRegions = (
				en,
				Base,
			);
			mainGroup = 701B366B17E4E260009EBE27;
			productRefGroup = 701B367517E4E260009EBE27 /* Products */;
			projectDirPath = "";
			projectRoot = "";
			targets = (
				701B367317E4E260009EBE27 /* MELer */,
				701B369C17E4E260009EBE27 /* MELerTests */,
			);
		};
/* End PBXProject section */

/* Begin PBXResourcesBuildPhase section */
		701B367217E4E260009EBE27 /* Resources */ = {
			isa = PBXResourcesBuildPhase;
			buildActionMask = 2147483647;
			files = (
				701B369817E4E260009EBE27 /* Images.xcassets in Resources */,
				701B368417E4E260009EBE27 /* InfoPlist.strings in Resources */,
				70399760180CAC9C0049CC13 /* icon-retina.png in Resources */,
				7025992818058AA7001DA8AF /* MELer_DB.sqlite in Resources */,
				701B368D17E4E260009EBE27 /* Main.storyboard in Resources */,
			);
			runOnlyForDeploymentPostprocessing = 0;
		};
		701B369B17E4E260009EBE27 /* Resources */ = {
			isa = PBXResourcesBuildPhase;
			buildActionMask = 2147483647;
			files = (
				701B36AA17E4E260009EBE27 /* InfoPlist.strings in Resources */,
			);
			runOnlyForDeploymentPostprocessing = 0;
		};
/* End PBXResourcesBuildPhase section */

/* Begin PBXShellScriptBuildPhase section */
		0144B236F21B411FA0E44C81 /* Check Pods Manifest.lock */ = {
			isa = PBXShellScriptBuildPhase;
			buildActionMask = 2147483647;
			files = (
			);
			inputPaths = (
			);
			name = "Check Pods Manifest.lock";
			outputPaths = (
			);
			runOnlyForDeploymentPostprocessing = 0;
			shellPath = /bin/sh;
			shellScript = "diff \"${PODS_ROOT}/../Podfile.lock\" \"${PODS_ROOT}/Manifest.lock\" > /dev/null\nif [[ $? != 0 ]] ; then\n    cat << EOM\nerror: The sandbox is not in sync with the Podfile.lock. Run 'pod install' or update your CocoaPods installation.\nEOM\n    exit 1\nfi\n";
			showEnvVarsInLog = 0;
		};
		F2F3306606054F0FA0EA4AC9 /* Copy Pods Resources */ = {
			isa = PBXShellScriptBuildPhase;
			buildActionMask = 2147483647;
			files = (
			);
			inputPaths = (
			);
			name = "Copy Pods Resources";
			outputPaths = (
			);
			runOnlyForDeploymentPostprocessing = 0;
			shellPath = /bin/sh;
			shellScript = "\"${SRCROOT}/Pods/Pods-resources.sh\"\n";
			showEnvVarsInLog = 0;
		};
/* End PBXShellScriptBuildPhase section */

/* Begin PBXSourcesBuildPhase section */
		701B367017E4E260009EBE27 /* Sources */ = {
			isa = PBXSourcesBuildPhase;
			buildActionMask = 2147483647;
			files = (
				70143CB81802081400BEBE27 /* ChapterViewController.m in Sources */,
				701B368A17E4E260009EBE27 /* AppDelegate.m in Sources */,
				701B369017E4E260009EBE27 /* MELer.xcdatamodeld in Sources */,
				701B368617E4E260009EBE27 /* main.m in Sources */,
				70D36B2C1805CCB400AA35F9 /* SectionViewController.m in Sources */,
				70A457E017E5F1C700E4D5B0 /* Chapter.m in Sources */,
				70A457DD17E5F1C700E4D5B0 /* Section.m in Sources */,
				70876FB3180B3D6D005B290D /* SectionDetailViewController.m in Sources */,
			);
			runOnlyForDeploymentPostprocessing = 0;
		};
		701B369917E4E260009EBE27 /* Sources */ = {
			isa = PBXSourcesBuildPhase;
			buildActionMask = 2147483647;
			files = (
				701B36AC17E4E260009EBE27 /* MELerTests.m in Sources */,
			);
			runOnlyForDeploymentPostprocessing = 0;
		};
/* End PBXSourcesBuildPhase section */

/* Begin PBXTargetDependency section */
		701B36A417E4E260009EBE27 /* PBXTargetDependency */ = {
			isa = PBXTargetDependency;
			target = 701B367317E4E260009EBE27 /* MELer */;
			targetProxy = 701B36A317E4E260009EBE27 /* PBXContainerItemProxy */;
		};
/* End PBXTargetDependency section */

/* Begin PBXVariantGroup section */
		701B368217E4E260009EBE27 /* InfoPlist.strings */ = {
			isa = PBXVariantGroup;
			children = (
				701B368317E4E260009EBE27 /* en */,
			);
			name = InfoPlist.strings;
			sourceTree = "<group>";
		};
		701B368B17E4E260009EBE27 /* Main.storyboard */ = {
			isa = PBXVariantGroup;
			children = (
				701B368C17E4E260009EBE27 /* Base */,
			);
			name = Main.storyboard;
			sourceTree = "<group>";
		};
		701B36A817E4E260009EBE27 /* InfoPlist.strings */ = {
			isa = PBXVariantGroup;
			children = (
				701B36A917E4E260009EBE27 /* en */,
			);
			name = InfoPlist.strings;
			sourceTree = "<group>";
		};
/* End PBXVariantGroup section */

/* Begin XCBuildConfiguration section */
		701B36AD17E4E260009EBE27 /* Debug */ = {
			isa = XCBuildConfiguration;
			buildSettings = {
				ALWAYS_SEARCH_USER_PATHS = NO;
				ARCHS = "$(ARCHS_STANDARD_INCLUDING_64_BIT)";
				CLANG_CXX_LANGUAGE_STANDARD = "gnu++0x";
				CLANG_CXX_LIBRARY = "libc++";
				CLANG_ENABLE_MODULES = YES;
				CLANG_ENABLE_OBJC_ARC = YES;
				CLANG_WARN_BOOL_CONVERSION = YES;
				CLANG_WARN_CONSTANT_CONVERSION = YES;
				CLANG_WARN_DIRECT_OBJC_ISA_USAGE = YES_ERROR;
				CLANG_WARN_EMPTY_BODY = YES;
				CLANG_WARN_ENUM_CONVERSION = YES;
				CLANG_WARN_INT_CONVERSION = YES;
				CLANG_WARN_OBJC_ROOT_CLASS = YES_ERROR;
				CLANG_WARN__DUPLICATE_METHOD_MATCH = YES;
				"CODE_SIGN_IDENTITY[sdk=iphoneos*]" = "iPhone Developer";
				COPY_PHASE_STRIP = NO;
				GCC_C_LANGUAGE_STANDARD = gnu99;
				GCC_DYNAMIC_NO_PIC = NO;
				GCC_OPTIMIZATION_LEVEL = 0;
				GCC_PREPROCESSOR_DEFINITIONS = (
					"DEBUG=1",
					"$(inherited)",
				);
				GCC_SYMBOLS_PRIVATE_EXTERN = NO;
				GCC_WARN_64_TO_32_BIT_CONVERSION = YES;
				GCC_WARN_ABOUT_RETURN_TYPE = YES_ERROR;
				GCC_WARN_UNDECLARED_SELECTOR = YES;
				GCC_WARN_UNINITIALIZED_AUTOS = YES;
				GCC_WARN_UNUSED_FUNCTION = YES;
				GCC_WARN_UNUSED_VARIABLE = YES;
				IPHONEOS_DEPLOYMENT_TARGET = 7.0;
				ONLY_ACTIVE_ARCH = YES;
				SDKROOT = iphoneos;
			};
			name = Debug;
		};
		701B36AE17E4E260009EBE27 /* Release */ = {
			isa = XCBuildConfiguration;
			buildSettings = {
				ALWAYS_SEARCH_USER_PATHS = NO;
				ARCHS = "$(ARCHS_STANDARD_INCLUDING_64_BIT)";
				CLANG_CXX_LANGUAGE_STANDARD = "gnu++0x";
				CLANG_CXX_LIBRARY = "libc++";
				CLANG_ENABLE_MODULES = YES;
				CLANG_ENABLE_OBJC_ARC = YES;
				CLANG_WARN_BOOL_CONVERSION = YES;
				CLANG_WARN_CONSTANT_CONVERSION = YES;
				CLANG_WARN_DIRECT_OBJC_ISA_USAGE = YES_ERROR;
				CLANG_WARN_EMPTY_BODY = YES;
				CLANG_WARN_ENUM_CONVERSION = YES;
				CLANG_WARN_INT_CONVERSION = YES;
				CLANG_WARN_OBJC_ROOT_CLASS = YES_ERROR;
				CLANG_WARN__DUPLICATE_METHOD_MATCH = YES;
				"CODE_SIGN_IDENTITY[sdk=iphoneos*]" = "iPhone Developer";
				COPY_PHASE_STRIP = YES;
				ENABLE_NS_ASSERTIONS = NO;
				GCC_C_LANGUAGE_STANDARD = gnu99;
				GCC_WARN_64_TO_32_BIT_CONVERSION = YES;
				GCC_WARN_ABOUT_RETURN_TYPE = YES_ERROR;
				GCC_WARN_UNDECLARED_SELECTOR = YES;
				GCC_WARN_UNINITIALIZED_AUTOS = YES;
				GCC_WARN_UNUSED_FUNCTION = YES;
				GCC_WARN_UNUSED_VARIABLE = YES;
				IPHONEOS_DEPLOYMENT_TARGET = 7.0;
				SDKROOT = iphoneos;
				VALIDATE_PRODUCT = YES;
			};
			name = Release;
		};
		701B36B017E4E260009EBE27 /* Debug */ = {
			isa = XCBuildConfiguration;
			baseConfigurationReference = FA8C249323174A159636B220 /* Pods.xcconfig */;
			buildSettings = {
				ASSETCATALOG_COMPILER_LAUNCHIMAGE_NAME = LaunchImage;
				GCC_PRECOMPILE_PREFIX_HEADER = YES;
				GCC_PREFIX_HEADER = "MELer/MELer-Prefix.pch";
				INFOPLIST_FILE = "MELer/MELer-Info.plist";
				PRODUCT_NAME = "$(TARGET_NAME)";
				TARGETED_DEVICE_FAMILY = 1;
				WRAPPER_EXTENSION = app;
			};
			name = Debug;
		};
		701B36B117E4E260009EBE27 /* Release */ = {
			isa = XCBuildConfiguration;
			baseConfigurationReference = FA8C249323174A159636B220 /* Pods.xcconfig */;
			buildSettings = {
				ASSETCATALOG_COMPILER_LAUNCHIMAGE_NAME = LaunchImage;
				GCC_PRECOMPILE_PREFIX_HEADER = YES;
				GCC_PREFIX_HEADER = "MELer/MELer-Prefix.pch";
				INFOPLIST_FILE = "MELer/MELer-Info.plist";
				PRODUCT_NAME = "$(TARGET_NAME)";
				TARGETED_DEVICE_FAMILY = 1;
				WRAPPER_EXTENSION = app;
			};
			name = Release;
		};
		701B36B317E4E260009EBE27 /* Debug */ = {
			isa = XCBuildConfiguration;
			buildSettings = {
				ARCHS = "$(ARCHS_STANDARD_INCLUDING_64_BIT)";
				BUNDLE_LOADER = "$(BUILT_PRODUCTS_DIR)/MELer.app/MELer";
				FRAMEWORK_SEARCH_PATHS = (
					"$(SDKROOT)/Developer/Library/Frameworks",
					"$(inherited)",
					"$(DEVELOPER_FRAMEWORKS_DIR)",
				);
				GCC_PRECOMPILE_PREFIX_HEADER = YES;
				GCC_PREFIX_HEADER = "MELer/MELer-Prefix.pch";
				GCC_PREPROCESSOR_DEFINITIONS = (
					"DEBUG=1",
					"$(inherited)",
				);
				INFOPLIST_FILE = "MELerTests/MELerTests-Info.plist";
				PRODUCT_NAME = "$(TARGET_NAME)";
				TEST_HOST = "$(BUNDLE_LOADER)";
				WRAPPER_EXTENSION = xctest;
			};
			name = Debug;
		};
		701B36B417E4E260009EBE27 /* Release */ = {
			isa = XCBuildConfiguration;
			buildSettings = {
				ARCHS = "$(ARCHS_STANDARD_INCLUDING_64_BIT)";
				BUNDLE_LOADER = "$(BUILT_PRODUCTS_DIR)/MELer.app/MELer";
				FRAMEWORK_SEARCH_PATHS = (
					"$(SDKROOT)/Developer/Library/Frameworks",
					"$(inherited)",
					"$(DEVELOPER_FRAMEWORKS_DIR)",
				);
				GCC_PRECOMPILE_PREFIX_HEADER = YES;
				GCC_PREFIX_HEADER = "MELer/MELer-Prefix.pch";
				INFOPLIST_FILE = "MELerTests/MELerTests-Info.plist";
				PRODUCT_NAME = "$(TARGET_NAME)";
				TEST_HOST = "$(BUNDLE_LOADER)";
				WRAPPER_EXTENSION = xctest;
			};
			name = Release;
		};
/* End XCBuildConfiguration section */

/* Begin XCConfigurationList section */
		701B366F17E4E260009EBE27 /* Build configuration list for PBXProject "MELer" */ = {
			isa = XCConfigurationList;
			buildConfigurations = (
				701B36AD17E4E260009EBE27 /* Debug */,
				701B36AE17E4E260009EBE27 /* Release */,
			);
			defaultConfigurationIsVisible = 0;
			defaultConfigurationName = Release;
		};
		701B36AF17E4E260009EBE27 /* Build configuration list for PBXNativeTarget "MELer" */ = {
			isa = XCConfigurationList;
			buildConfigurations = (
				701B36B017E4E260009EBE27 /* Debug */,
				701B36B117E4E260009EBE27 /* Release */,
			);
			defaultConfigurationIsVisible = 0;
			defaultConfigurationName = Release;
		};
		701B36B217E4E260009EBE27 /* Build configuration list for PBXNativeTarget "MELerTests" */ = {
			isa = XCConfigurationList;
			buildConfigurations = (
				701B36B317E4E260009EBE27 /* Debug */,
				701B36B417E4E260009EBE27 /* Release */,
			);
			defaultConfigurationIsVisible = 0;
			defaultConfigurationName = Release;
		};
/* End XCConfigurationList section */

/* Begin XCVersionGroup section */
		701B368E17E4E260009EBE27 /* MELer.xcdatamodeld */ = {
			isa = XCVersionGroup;
			children = (
				701B368F17E4E260009EBE27 /* MELer.xcdatamodel */,
			);
			currentVersion = 701B368F17E4E260009EBE27 /* MELer.xcdatamodel */;
			path = MELer.xcdatamodeld;
			sourceTree = "<group>";
			versionGroupType = wrapper.xcdatamodel;
		};
/* End XCVersionGroup section */
	};
	rootObject = 701B366C17E4E260009EBE27 /* Project object */;
}
